
Microsoft Visual Studio Solution File, Format Version 12.00
# Visual Studio Version 16
VisualStudioVersion = 16.0.30114.105
MinimumVisualStudioVersion = 10.0.40219.1
Project("{2150E333-8FDC-42A3-9474-1A3956D46DE8}") = "src", "src", "{1B69AE23-9EC0-4638-AD49-047F14544F16}"
EndProject
Project("{FAE04EC0-301F-11D3-BF4B-00C04F79EFBC}") = "Advanced1", "src\Advanced1\Advanced1.csproj", "{7C985FAC-075D-4FCF-B0EF-41F2DF06D628}"
EndProject
Global
	GlobalSection(SolutionConfigurationPlatforms) = preSolution
		Debug|Any CPU = Debug|Any CPU
		Debug|x64 = Debug|x64
		Debug|x86 = Debug|x86
		Release|Any CPU = Release|Any CPU
		Release|x64 = Release|x64
		Release|x86 = Release|x86
	EndGlobalSection
	GlobalSection(SolutionProperties) = preSolution
		HideSolutionNode = FALSE
	EndGlobalSection
	GlobalSection(ProjectConfigurationPlatforms) = postSolution
		{7C985FAC-075D-4FCF-B0EF-41F2DF06D628}.Debug|Any CPU.ActiveCfg = Debug|Any CPU
		{7C985FAC-075D-4FCF-B0EF-41F2DF06D628}.Debug|Any CPU.Build.0 = Debug|Any CPU
		{7C985FAC-075D-4FCF-B0EF-41F2DF06D628}.Debug|x64.ActiveCfg = Debug|Any CPU
		{7C985FAC-075D-4FCF-B0EF-41F2DF06D628}.Debug|x64.Build.0 = Debug|Any CPU
		{7C985FAC-075D-4FCF-B0EF-41F2DF06D628}.Debug|x86.ActiveCfg = Debug|Any CPU
		{7C985FAC-075D-4FCF-B0EF-41F2DF06D628}.Debug|x86.Build.0 = Debug|Any CPU
		{7C985FAC-075D-4FCF-B0EF-41F2DF06D628}.Release|Any CPU.ActiveCfg = Release|Any CPU
		{7C985FAC-075D-4FCF-B0EF-41F2DF06D628}.Release|Any CPU.Build.0 = Release|Any CPU
		{7C985FAC-075D-4FCF-B0EF-41F2DF06D628}.Release|x64.ActiveCfg = Release|Any CPU
		{7C985FAC-075D-4FCF-B0EF-41F2DF06D628}.Release|x64.Build.0 = Release|Any CPU
		{7C985FAC-075D-4FCF-B0EF-41F2DF06D628}.Release|x86.ActiveCfg = Release|Any CPU
		{7C985FAC-075D-4FCF-B0EF-41F2DF06D628}.Release|x86.Build.0 = Release|Any CPU
	EndGlobalSection
	GlobalSection(NestedProjects) = preSolution
		{7C985FAC-075D-4FCF-B0EF-41F2DF06D628} = {1B69AE23-9EC0-4638-AD49-047F14544F16}
	EndGlobalSection
EndGlobal
